
Microsoft Visual Studio Solution File, Format Version 12.00
# Visual Studio 15
VisualStudioVersion = 15.0.27703.2042
MinimumVisualStudioVersion = 10.0.40219.1
Project("{FAE04EC0-301F-11D3-BF4B-00C04F79EFBC}") = "String5", "String5\String5.csproj", "{24152D9D-DE56-41E8-8C7F-69BAE9994A77}"
EndProject
Global
	GlobalSection(SolutionConfigurationPlatforms) = preSolution
		Debug|Any CPU = Debug|Any CPU
		Release|Any CPU = Release|Any CPU
	EndGlobalSection
	GlobalSection(ProjectConfigurationPlatforms) = postSolution
		{24152D9D-DE56-41E8-8C7F-69BAE9994A77}.Debug|Any CPU.ActiveCfg = Debug|Any CPU
		{24152D9D-DE56-41E8-8C7F-69BAE9994A77}.Debug|Any CPU.Build.0 = Debug|Any CPU
		{24152D9D-DE56-41E8-8C7F-69BAE9994A77}.Release|Any CPU.ActiveCfg = Release|Any CPU
		{24152D9D-DE56-41E8-8C7F-69BAE9994A77}.Release|Any CPU.Build.0 = Release|Any CPU
	EndGlobalSection
	GlobalSection(SolutionProperties) = preSolution
		HideSolutionNode = FALSE
	EndGlobalSection
	GlobalSection(ExtensibilityGlobals) = postSolution
		SolutionGuid = {F4F5B8CD-66A3-4F1E-8961-E39CD7475178}
	EndGlobalSection
EndGlobal
